
Microsoft Visual Studio Solution File, Format Version 12.00
# Visual Studio Version 17
VisualStudioVersion = 17.0.31903.59
MinimumVisualStudioVersion = 10.0.40219.1
Project("{9A19103F-16F7-4668-BE54-9A1E7A4F7556}") = "Store.Domain", "Store.Domain\Store.Domain.csproj", "{F143B4F9-E053-4895-8628-6CF5D38758BE}"
EndProject
Project("{9A19103F-16F7-4668-BE54-9A1E7A4F7556}") = "Store.Tests", "Store.Tests\Store.Tests.csproj", "{2431A516-152A-4050-98E8-8A42CB55E76E}"
EndProject
Global
	GlobalSection(SolutionConfigurationPlatforms) = preSolution
		Debug|Any CPU = Debug|Any CPU
		Release|Any CPU = Release|Any CPU
	EndGlobalSection
	GlobalSection(ProjectConfigurationPlatforms) = postSolution
		{F143B4F9-E053-4895-8628-6CF5D38758BE}.Debug|Any CPU.ActiveCfg = Debug|Any CPU
		{F143B4F9-E053-4895-8628-6CF5D38758BE}.Debug|Any CPU.Build.0 = Debug|Any CPU
		{F143B4F9-E053-4895-8628-6CF5D38758BE}.Release|Any CPU.ActiveCfg = Release|Any CPU
		{F143B4F9-E053-4895-8628-6CF5D38758BE}.Release|Any CPU.Build.0 = Release|Any CPU
		{2431A516-152A-4050-98E8-8A42CB55E76E}.Debug|Any CPU.ActiveCfg = Debug|Any CPU
		{2431A516-152A-4050-98E8-8A42CB55E76E}.Debug|Any CPU.Build.0 = Debug|Any CPU
		{2431A516-152A-4050-98E8-8A42CB55E76E}.Release|Any CPU.ActiveCfg = Release|Any CPU
		{2431A516-152A-4050-98E8-8A42CB55E76E}.Release|Any CPU.Build.0 = Release|Any CPU
	EndGlobalSection
	GlobalSection(SolutionProperties) = preSolution
		HideSolutionNode = FALSE
	EndGlobalSection
	GlobalSection(ExtensibilityGlobals) = postSolution
		SolutionGuid = {21682558-26B2-4F47-9A49-5CEB0B3FF379}
	EndGlobalSection
EndGlobal
